// !$*UTF8*$!
{
	archiveVersion = 1;
	classes = {
	};
	objectVersion = 52;
	objects = {

/* Begin PBXBuildFile section */
		A32CA9E326ABAD0800430AE8 /* AppDelegate.swift in Sources */ = {isa = PBXBuildFile; fileRef = A32CA9E226ABAD0800430AE8 /* AppDelegate.swift */; };
		A32CA9E526ABAD0800430AE8 /* SceneDelegate.swift in Sources */ = {isa = PBXBuildFile; fileRef = A32CA9E426ABAD0800430AE8 /* SceneDelegate.swift */; };
		A32CA9E726ABAD0800430AE8 /* ViewController.swift in Sources */ = {isa = PBXBuildFile; fileRef = A32CA9E626ABAD0800430AE8 /* ViewController.swift */; };
		A32CA9EA26ABAD0800430AE8 /* Main.storyboard in Resources */ = {isa = PBXBuildFile; fileRef = A32CA9E826ABAD0800430AE8 /* Main.storyboard */; };
		A32CA9EC26ABAD0A00430AE8 /* Assets.xcassets in Resources */ = {isa = PBXBuildFile; fileRef = A32CA9EB26ABAD0A00430AE8 /* Assets.xcassets */; };
		A32CA9EF26ABAD0A00430AE8 /* LaunchScreen.storyboard in Resources */ = {isa = PBXBuildFile; fileRef = A32CA9ED26ABAD0A00430AE8 /* LaunchScreen.storyboard */; };
		A32CA9FA26ABAD0A00430AE8 /* SPMModularEXTests.swift in Sources */ = {isa = PBXBuildFile; fileRef = A32CA9F926ABAD0A00430AE8 /* SPMModularEXTests.swift */; };
		A32CAA0526ABAD0A00430AE8 /* SPMModularEXUITests.swift in Sources */ = {isa = PBXBuildFile; fileRef = A32CAA0426ABAD0A00430AE8 /* SPMModularEXUITests.swift */; };
		A32CAA1426ABB7EC00430AE8 /* AppCores in Frameworks */ = {isa = PBXBuildFile; productRef = A32CAA1326ABB7EC00430AE8 /* AppCores */; };
/* End PBXBuildFile section */

/* Begin PBXContainerItemProxy section */
		A32CA9F626ABAD0A00430AE8 /* PBXContainerItemProxy */ = {
			isa = PBXContainerItemProxy;
			containerPortal = A32CA9D726ABAD0800430AE8 /* Project object */;
			proxyType = 1;
			remoteGlobalIDString = A32CA9DE26ABAD0800430AE8;
			remoteInfo = SPMModularEX;
		};
		A32CAA0126ABAD0A00430AE8 /* PBXContainerItemProxy */ = {
			isa = PBXContainerItemProxy;
			containerPortal = A32CA9D726ABAD0800430AE8 /* Project object */;
			proxyType = 1;
			remoteGlobalIDString = A32CA9DE26ABAD0800430AE8;
			remoteInfo = SPMModularEX;
		};
/* End PBXContainerItemProxy section */

/* Begin PBXFileReference section */
		A32CA9DF26ABAD0800430AE8 /* SPMModularEX.app */ = {isa = PBXFileReference; explicitFileType = wrapper.application; includeInIndex = 0; path = SPMModularEX.app; sourceTree = BUILT_PRODUCTS_DIR; };
		A32CA9E226ABAD0800430AE8 /* AppDelegate.swift */ = {isa = PBXFileReference; lastKnownFileType = sourcecode.swift; path = AppDelegate.swift; sourceTree = "<group>"; };
		A32CA9E426ABAD0800430AE8 /* SceneDelegate.swift */ = {isa = PBXFileReference; lastKnownFileType = sourcecode.swift; path = SceneDelegate.swift; sourceTree = "<group>"; };
		A32CA9E626ABAD0800430AE8 /* ViewController.swift */ = {isa = PBXFileReference; lastKnownFileType = sourcecode.swift; path = ViewController.swift; sourceTree = "<group>"; };
		A32CA9E926ABAD0800430AE8 /* Base */ = {isa = PBXFileReference; lastKnownFileType = file.storyboard; name = Base; path = Base.lproj/Main.storyboard; sourceTree = "<group>"; };
		A32CA9EB26ABAD0A00430AE8 /* Assets.xcassets */ = {isa = PBXFileReference; lastKnownFileType = folder.assetcatalog; path = Assets.xcassets; sourceTree = "<group>"; };
		A32CA9EE26ABAD0A00430AE8 /* Base */ = {isa = PBXFileReference; lastKnownFileType = file.storyboard; name = Base; path = Base.lproj/LaunchScreen.storyboard; sourceTree = "<group>"; };
		A32CA9F026ABAD0A00430AE8 /* Info.plist */ = {isa = PBXFileReference; lastKnownFileType = text.plist.xml; path = Info.plist; sourceTree = "<group>"; };
		A32CA9F526ABAD0A00430AE8 /* SPMModularEXTests.xctest */ = {isa = PBXFileReference; explicitFileType = wrapper.cfbundle; includeInIndex = 0; path = SPMModularEXTests.xctest; sourceTree = BUILT_PRODUCTS_DIR; };
		A32CA9F926ABAD0A00430AE8 /* SPMModularEXTests.swift */ = {isa = PBXFileReference; lastKnownFileType = sourcecode.swift; path = SPMModularEXTests.swift; sourceTree = "<group>"; };
		A32CA9FB26ABAD0A00430AE8 /* Info.plist */ = {isa = PBXFileReference; lastKnownFileType = text.plist.xml; path = Info.plist; sourceTree = "<group>"; };
		A32CAA0026ABAD0A00430AE8 /* SPMModularEXUITests.xctest */ = {isa = PBXFileReference; explicitFileType = wrapper.cfbundle; includeInIndex = 0; path = SPMModularEXUITests.xctest; sourceTree = BUILT_PRODUCTS_DIR; };
		A32CAA0426ABAD0A00430AE8 /* SPMModularEXUITests.swift */ = {isa = PBXFileReference; lastKnownFileType = sourcecode.swift; path = SPMModularEXUITests.swift; sourceTree = "<group>"; };
		A32CAA0626ABAD0A00430AE8 /* Info.plist */ = {isa = PBXFileReference; lastKnownFileType = text.plist.xml; path = Info.plist; sourceTree = "<group>"; };
/* End PBXFileReference section */

/* Begin PBXFrameworksBuildPhase section */
		A32CA9DC26ABAD0800430AE8 /* Frameworks */ = {
			isa = PBXFrameworksBuildPhase;
			buildActionMask = 2147483647;
			files = (
				A32CAA1426ABB7EC00430AE8 /* AppCores in Frameworks */,
			);
			runOnlyForDeploymentPostprocessing = 0;
		};
		A32CA9F226ABAD0A00430AE8 /* Frameworks */ = {
			isa = PBXFrameworksBuildPhase;
			buildActionMask = 2147483647;
			files = (
			);
			runOnlyForDeploymentPostprocessing = 0;
		};
		A32CA9FD26ABAD0A00430AE8 /* Frameworks */ = {
			isa = PBXFrameworksBuildPhase;
			buildActionMask = 2147483647;
			files = (
			);
			runOnlyForDeploymentPostprocessing = 0;
		};
/* End PBXFrameworksBuildPhase section */

/* Begin PBXGroup section */
		A32CA9D626ABAD0800430AE8 = {
			isa = PBXGroup;
			children = (
				A32CA9E126ABAD0800430AE8 /* SPMModularEX */,
				A32CA9F826ABAD0A00430AE8 /* SPMModularEXTests */,
				A32CAA0326ABAD0A00430AE8 /* SPMModularEXUITests */,
				A32CA9E026ABAD0800430AE8 /* Products */,
				A32CAA1226ABB7EC00430AE8 /* Frameworks */,
			);
			sourceTree = "<group>";
		};
		A32CA9E026ABAD0800430AE8 /* Products */ = {
			isa = PBXGroup;
			children = (
				A32CA9DF26ABAD0800430AE8 /* SPMModularEX.app */,
				A32CA9F526ABAD0A00430AE8 /* SPMModularEXTests.xctest */,
				A32CAA0026ABAD0A00430AE8 /* SPMModularEXUITests.xctest */,
			);
			name = Products;
			sourceTree = "<group>";
		};
		A32CA9E126ABAD0800430AE8 /* SPMModularEX */ = {
			isa = PBXGroup;
			children = (
				A32CA9E226ABAD0800430AE8 /* AppDelegate.swift */,
				A32CA9E426ABAD0800430AE8 /* SceneDelegate.swift */,
				A32CA9E626ABAD0800430AE8 /* ViewController.swift */,
				A32CA9E826ABAD0800430AE8 /* Main.storyboard */,
				A32CA9EB26ABAD0A00430AE8 /* Assets.xcassets */,
				A32CA9ED26ABAD0A00430AE8 /* LaunchScreen.storyboard */,
				A32CA9F026ABAD0A00430AE8 /* Info.plist */,
			);
			path = SPMModularEX;
			sourceTree = "<group>";
		};
		A32CA9F826ABAD0A00430AE8 /* SPMModularEXTests */ = {
			isa = PBXGroup;
			children = (
				A32CA9F926ABAD0A00430AE8 /* SPMModularEXTests.swift */,
				A32CA9FB26ABAD0A00430AE8 /* Info.plist */,
			);
			path = SPMModularEXTests;
			sourceTree = "<group>";
		};
		A32CAA0326ABAD0A00430AE8 /* SPMModularEXUITests */ = {
			isa = PBXGroup;
			children = (
				A32CAA0426ABAD0A00430AE8 /* SPMModularEXUITests.swift */,
				A32CAA0626ABAD0A00430AE8 /* Info.plist */,
			);
			path = SPMModularEXUITests;
			sourceTree = "<group>";
		};
		A32CAA1226ABB7EC00430AE8 /* Frameworks */ = {
			isa = PBXGroup;
			children = (
			);
			name = Frameworks;
			sourceTree = "<group>";
		};
/* End PBXGroup section */

/* Begin PBXNativeTarget section */
		A32CA9DE26ABAD0800430AE8 /* SPMModularEX */ = {
			isa = PBXNativeTarget;
			buildConfigurationList = A32CAA0926ABAD0A00430AE8 /* Build configuration list for PBXNativeTarget "SPMModularEX" */;
			buildPhases = (
				A32CA9DB26ABAD0800430AE8 /* Sources */,
				A32CA9DC26ABAD0800430AE8 /* Frameworks */,
				A32CA9DD26ABAD0800430AE8 /* Resources */,
			);
			buildRules = (
			);
			dependencies = (
			);
			name = SPMModularEX;
			packageProductDependencies = (
				A32CAA1326ABB7EC00430AE8 /* AppCores */,
			);
			productName = SPMModularEX;
			productReference = A32CA9DF26ABAD0800430AE8 /* SPMModularEX.app */;
			productType = "com.apple.product-type.application";
		};
		A32CA9F426ABAD0A00430AE8 /* SPMModularEXTests */ = {
			isa = PBXNativeTarget;
			buildConfigurationList = A32CAA0C26ABAD0A00430AE8 /* Build configuration list for PBXNativeTarget "SPMModularEXTests" */;
			buildPhases = (
				A32CA9F126ABAD0A00430AE8 /* Sources */,
				A32CA9F226ABAD0A00430AE8 /* Frameworks */,
				A32CA9F326ABAD0A00430AE8 /* Resources */,
			);
			buildRules = (
			);
			dependencies = (
				A32CA9F726ABAD0A00430AE8 /* PBXTargetDependency */,
			);
			name = SPMModularEXTests;
			productName = SPMModularEXTests;
			productReference = A32CA9F526ABAD0A00430AE8 /* SPMModularEXTests.xctest */;
			productType = "com.apple.product-type.bundle.unit-test";
		};
		A32CA9FF26ABAD0A00430AE8 /* SPMModularEXUITests */ = {
			isa = PBXNativeTarget;
			buildConfigurationList = A32CAA0F26ABAD0A00430AE8 /* Build configuration list for PBXNativeTarget "SPMModularEXUITests" */;
			buildPhases = (
				A32CA9FC26ABAD0A00430AE8 /* Sources */,
				A32CA9FD26ABAD0A00430AE8 /* Frameworks */,
				A32CA9FE26ABAD0A00430AE8 /* Resources */,
			);
			buildRules = (
			);
			dependencies = (
				A32CAA0226ABAD0A00430AE8 /* PBXTargetDependency */,
			);
			name = SPMModularEXUITests;
			productName = SPMModularEXUITests;
			productReference = A32CAA0026ABAD0A00430AE8 /* SPMModularEXUITests.xctest */;
			productType = "com.apple.product-type.bundle.ui-testing";
		};
/* End PBXNativeTarget section */

/* Begin PBXProject section */
		A32CA9D726ABAD0800430AE8 /* Project object */ = {
			isa = PBXProject;
			attributes = {
				LastSwiftUpdateCheck = 1250;
				LastUpgradeCheck = 1250;
				TargetAttributes = {
					A32CA9DE26ABAD0800430AE8 = {
						CreatedOnToolsVersion = 12.5;
					};
					A32CA9F426ABAD0A00430AE8 = {
						CreatedOnToolsVersion = 12.5;
						TestTargetID = A32CA9DE26ABAD0800430AE8;
					};
					A32CA9FF26ABAD0A00430AE8 = {
						CreatedOnToolsVersion = 12.5;
						TestTargetID = A32CA9DE26ABAD0800430AE8;
					};
				};
			};
			buildConfigurationList = A32CA9DA26ABAD0800430AE8 /* Build configuration list for PBXProject "SPMModularEX" */;
			compatibilityVersion = "Xcode 9.3";
			developmentRegion = en;
			hasScannedForEncodings = 0;
			knownRegions = (
				en,
				Base,
			);
			mainGroup = A32CA9D626ABAD0800430AE8;
			productRefGroup = A32CA9E026ABAD0800430AE8 /* Products */;
			projectDirPath = "";
			projectRoot = "";
			targets = (
				A32CA9DE26ABAD0800430AE8 /* SPMModularEX */,
				A32CA9F426ABAD0A00430AE8 /* SPMModularEXTests */,
				A32CA9FF26ABAD0A00430AE8 /* SPMModularEXUITests */,
			);
		};
/* End PBXProject section */

/* Begin PBXResourcesBuildPhase section */
		A32CA9DD26ABAD0800430AE8 /* Resources */ = {
			isa = PBXResourcesBuildPhase;
			buildActionMask = 2147483647;
			files = (
				A32CA9EF26ABAD0A00430AE8 /* LaunchScreen.storyboard in Resources */,
				A32CA9EC26ABAD0A00430AE8 /* Assets.xcassets in Resources */,
				A32CA9EA26ABAD0800430AE8 /* Main.storyboard in Resources */,
			);
			runOnlyForDeploymentPostprocessing = 0;
		};
		A32CA9F326ABAD0A00430AE8 /* Resources */ = {
			isa = PBXResourcesBuildPhase;
			buildActionMask = 2147483647;
			files = (
			);
			runOnlyForDeploymentPostprocessing = 0;
		};
		A32CA9FE26ABAD0A00430AE8 /* Resources */ = {
			isa = PBXResourcesBuildPhase;
			buildActionMask = 2147483647;
			files = (
			);
			runOnlyForDeploymentPostprocessing = 0;
		};
/* End PBXResourcesBuildPhase section */

/* Begin PBXSourcesBuildPhase section */
		A32CA9DB26ABAD0800430AE8 /* Sources */ = {
			isa = PBXSourcesBuildPhase;
			buildActionMask = 2147483647;
			files = (
				A32CA9E726ABAD0800430AE8 /* ViewController.swift in Sources */,
				A32CA9E326ABAD0800430AE8 /* AppDelegate.swift in Sources */,
				A32CA9E526ABAD0800430AE8 /* SceneDelegate.swift in Sources */,
			);
			runOnlyForDeploymentPostprocessing = 0;
		};
		A32CA9F126ABAD0A00430AE8 /* Sources */ = {
			isa = PBXSourcesBuildPhase;
			buildActionMask = 2147483647;
			files = (
				A32CA9FA26ABAD0A00430AE8 /* SPMModularEXTests.swift in Sources */,
			);
			runOnlyForDeploymentPostprocessing = 0;
		};
		A32CA9FC26ABAD0A00430AE8 /* Sources */ = {
			isa = PBXSourcesBuildPhase;
			buildActionMask = 2147483647;
			files = (
				A32CAA0526ABAD0A00430AE8 /* SPMModularEXUITests.swift in Sources */,
			);
			runOnlyForDeploymentPostprocessing = 0;
		};
/* End PBXSourcesBuildPhase section */

/* Begin PBXTargetDependency section */
		A32CA9F726ABAD0A00430AE8 /* PBXTargetDependency */ = {
			isa = PBXTargetDependency;
			target = A32CA9DE26ABAD0800430AE8 /* SPMModularEX */;
			targetProxy = A32CA9F626ABAD0A00430AE8 /* PBXContainerItemProxy */;
		};
		A32CAA0226ABAD0A00430AE8 /* PBXTargetDependency */ = {
			isa = PBXTargetDependency;
			target = A32CA9DE26ABAD0800430AE8 /* SPMModularEX */;
			targetProxy = A32CAA0126ABAD0A00430AE8 /* PBXContainerItemProxy */;
		};
/* End PBXTargetDependency section */

/* Begin PBXVariantGroup section */
		A32CA9E826ABAD0800430AE8 /* Main.storyboard */ = {
			isa = PBXVariantGroup;
			children = (
				A32CA9E926ABAD0800430AE8 /* Base */,
			);
			name = Main.storyboard;
			sourceTree = "<group>";
		};
		A32CA9ED26ABAD0A00430AE8 /* LaunchScreen.storyboard */ = {
			isa = PBXVariantGroup;
			children = (
				A32CA9EE26ABAD0A00430AE8 /* Base */,
			);
			name = LaunchScreen.storyboard;
			sourceTree = "<group>";
		};
/* End PBXVariantGroup section */

/* Begin XCBuildConfiguration section */
		A32CAA0726ABAD0A00430AE8 /* Debug */ = {
			isa = XCBuildConfiguration;
			buildSettings = {
				ALWAYS_SEARCH_USER_PATHS = NO;
				CLANG_ANALYZER_NONNULL = YES;
				CLANG_ANALYZER_NUMBER_OBJECT_CONVERSION = YES_AGGRESSIVE;
				CLANG_CXX_LANGUAGE_STANDARD = "gnu++14";
				CLANG_CXX_LIBRARY = "libc++";
				CLANG_ENABLE_MODULES = YES;
				CLANG_ENABLE_OBJC_ARC = YES;
				CLANG_ENABLE_OBJC_WEAK = YES;
				CLANG_WARN_BLOCK_CAPTURE_AUTORELEASING = YES;
				CLANG_WARN_BOOL_CONVERSION = YES;
				CLANG_WARN_COMMA = YES;
				CLANG_WARN_CONSTANT_CONVERSION = YES;
				CLANG_WARN_DEPRECATED_OBJC_IMPLEMENTATIONS = YES;
				CLANG_WARN_DIRECT_OBJC_ISA_USAGE = YES_ERROR;
				CLANG_WARN_DOCUMENTATION_COMMENTS = YES;
				CLANG_WARN_EMPTY_BODY = YES;
				CLANG_WARN_ENUM_CONVERSION = YES;
				CLANG_WARN_INFINITE_RECURSION = YES;
				CLANG_WARN_INT_CONVERSION = YES;
				CLANG_WARN_NON_LITERAL_NULL_CONVERSION = YES;
				CLANG_WARN_OBJC_IMPLICIT_RETAIN_SELF = YES;
				CLANG_WARN_OBJC_LITERAL_CONVERSION = YES;
				CLANG_WARN_OBJC_ROOT_CLASS = YES_ERROR;
				CLANG_WARN_QUOTED_INCLUDE_IN_FRAMEWORK_HEADER = YES;
				CLANG_WARN_RANGE_LOOP_ANALYSIS = YES;
				CLANG_WARN_STRICT_PROTOTYPES = YES;
				CLANG_WARN_SUSPICIOUS_MOVE = YES;
				CLANG_WARN_UNGUARDED_AVAILABILITY = YES_AGGRESSIVE;
				CLANG_WARN_UNREACHABLE_CODE = YES;
				CLANG_WARN__DUPLICATE_METHOD_MATCH = YES;
				COPY_PHASE_STRIP = NO;
				DEBUG_INFORMATION_FORMAT = dwarf;
				ENABLE_STRICT_OBJC_MSGSEND = YES;
				ENABLE_TESTABILITY = YES;
				GCC_C_LANGUAGE_STANDARD = gnu11;
				GCC_DYNAMIC_NO_PIC = NO;
				GCC_NO_COMMON_BLOCKS = YES;
				GCC_OPTIMIZATION_LEVEL = 0;
				GCC_PREPROCESSOR_DEFINITIONS = (
					"DEBUG=1",
					"$(inherited)",
				);
				GCC_WARN_64_TO_32_BIT_CONVERSION = YES;
				GCC_WARN_ABOUT_RETURN_TYPE = YES_ERROR;
				GCC_WARN_UNDECLARED_SELECTOR = YES;
				GCC_WARN_UNINITIALIZED_AUTOS = YES_AGGRESSIVE;
				GCC_WARN_UNUSED_FUNCTION = YES;
				GCC_WARN_UNUSED_VARIABLE = YES;
				IPHONEOS_DEPLOYMENT_TARGET = 14.5;
				MTL_ENABLE_DEBUG_INFO = INCLUDE_SOURCE;
				MTL_FAST_MATH = YES;
				ONLY_ACTIVE_ARCH = YES;
				SDKROOT = iphoneos;
				SWIFT_ACTIVE_COMPILATION_CONDITIONS = DEBUG;
				SWIFT_OPTIMIZATION_LEVEL = "-Onone";
			};
			name = Debug;
		};
		A32CAA0826ABAD0A00430AE8 /* Release */ = {
			isa = XCBuildConfiguration;
			buildSettings = {
				ALWAYS_SEARCH_USER_PATHS = NO;
				CLANG_ANALYZER_NONNULL = YES;
				CLANG_ANALYZER_NUMBER_OBJECT_CONVERSION = YES_AGGRESSIVE;
				CLANG_CXX_LANGUAGE_STANDARD = "gnu++14";
				CLANG_CXX_LIBRARY = "libc++";
				CLANG_ENABLE_MODULES = YES;
				CLANG_ENABLE_OBJC_ARC = YES;
				CLANG_ENABLE_OBJC_WEAK = YES;
				CLANG_WARN_BLOCK_CAPTURE_AUTORELEASING = YES;
				CLANG_WARN_BOOL_CONVERSION = YES;
				CLANG_WARN_COMMA = YES;
				CLANG_WARN_CONSTANT_CONVERSION = YES;
				CLANG_WARN_DEPRECATED_OBJC_IMPLEMENTATIONS = YES;
				CLANG_WARN_DIRECT_OBJC_ISA_USAGE = YES_ERROR;
				CLANG_WARN_DOCUMENTATION_COMMENTS = YES;
				CLANG_WARN_EMPTY_BODY = YES;
				CLANG_WARN_ENUM_CONVERSION = YES;
				CLANG_WARN_INFINITE_RECURSION = YES;
				CLANG_WARN_INT_CONVERSION = YES;
				CLANG_WARN_NON_LITERAL_NULL_CONVERSION = YES;
				CLANG_WARN_OBJC_IMPLICIT_RETAIN_SELF = YES;
				CLANG_WARN_OBJC_LITERAL_CONVERSION = YES;
				CLANG_WARN_OBJC_ROOT_CLASS = YES_ERROR;
				CLANG_WARN_QUOTED_INCLUDE_IN_FRAMEWORK_HEADER = YES;
				CLANG_WARN_RANGE_LOOP_ANALYSIS = YES;
				CLANG_WARN_STRICT_PROTOTYPES = YES;
				CLANG_WARN_SUSPICIOUS_MOVE = YES;
				CLANG_WARN_UNGUARDED_AVAILABILITY = YES_AGGRESSIVE;
				CLANG_WARN_UNREACHABLE_CODE = YES;
				CLANG_WARN__DUPLICATE_METHOD_MATCH = YES;
				COPY_PHASE_STRIP = NO;
				DEBUG_INFORMATION_FORMAT = "dwarf-with-dsym";
				ENABLE_NS_ASSERTIONS = NO;
				ENABLE_STRICT_OBJC_MSGSEND = YES;
				GCC_C_LANGUAGE_STANDARD = gnu11;
				GCC_NO_COMMON_BLOCKS = YES;
				GCC_WARN_64_TO_32_BIT_CONVERSION = YES;
				GCC_WARN_ABOUT_RETURN_TYPE = YES_ERROR;
				GCC_WARN_UNDECLARED_SELECTOR = YES;
				GCC_WARN_UNINITIALIZED_AUTOS = YES_AGGRESSIVE;
				GCC_WARN_UNUSED_FUNCTION = YES;
				GCC_WARN_UNUSED_VARIABLE = YES;
				IPHONEOS_DEPLOYMENT_TARGET = 14.5;
				MTL_ENABLE_DEBUG_INFO = NO;
				MTL_FAST_MATH = YES;
				SDKROOT = iphoneos;
				SWIFT_COMPILATION_MODE = wholemodule;
				SWIFT_OPTIMIZATION_LEVEL = "-O";
				VALIDATE_PRODUCT = YES;
			};
			name = Release;
		};
		A32CAA0A26ABAD0A00430AE8 /* Debug */ = {
			isa = XCBuildConfiguration;
			buildSettings = {
				ASSETCATALOG_COMPILER_APPICON_NAME = AppIcon;
				ASSETCATALOG_COMPILER_GLOBAL_ACCENT_COLOR_NAME = AccentColor;
				CODE_SIGN_STYLE = Automatic;
				DEVELOPMENT_TEAM = LD8QD5Z64P;
				INFOPLIST_FILE = SPMModularEX/Info.plist;
				LD_RUNPATH_SEARCH_PATHS = (
					"$(inherited)",
					"@executable_path/Frameworks",
				);
				PRODUCT_BUNDLE_IDENTIFIER = TourByMe.SPMModularEX;
				PRODUCT_NAME = "$(TARGET_NAME)";
				SWIFT_VERSION = 5.0;
				TARGETED_DEVICE_FAMILY = "1,2";
			};
			name = Debug;
		};
		A32CAA0B26ABAD0A00430AE8 /* Release */ = {
			isa = XCBuildConfiguration;
			buildSettings = {
				ASSETCATALOG_COMPILER_APPICON_NAME = AppIcon;
				ASSETCATALOG_COMPILER_GLOBAL_ACCENT_COLOR_NAME = AccentColor;
				CODE_SIGN_STYLE = Automatic;
				DEVELOPMENT_TEAM = LD8QD5Z64P;
				INFOPLIST_FILE = SPMModularEX/Info.plist;
				LD_RUNPATH_SEARCH_PATHS = (
					"$(inherited)",
					"@executable_path/Frameworks",
				);
				PRODUCT_BUNDLE_IDENTIFIER = TourByMe.SPMModularEX;
				PRODUCT_NAME = "$(TARGET_NAME)";
				SWIFT_VERSION = 5.0;
				TARGETED_DEVICE_FAMILY = "1,2";
			};
			name = Release;
		};
		A32CAA0D26ABAD0A00430AE8 /* Debug */ = {
			isa = XCBuildConfiguration;
			buildSettings = {
				ALWAYS_EMBED_SWIFT_STANDARD_LIBRARIES = YES;
				BUNDLE_LOADER = "$(TEST_HOST)";
				CODE_SIGN_STYLE = Automatic;
				DEVELOPMENT_TEAM = LD8QD5Z64P;
				INFOPLIST_FILE = SPMModularEXTests/Info.plist;
				IPHONEOS_DEPLOYMENT_TARGET = 14.5;
				LD_RUNPATH_SEARCH_PATHS = (
					"$(inherited)",
					"@executable_path/Frameworks",
					"@loader_path/Frameworks",
				);
				PRODUCT_BUNDLE_IDENTIFIER = TourByMe.SPMModularEXTests;
				PRODUCT_NAME = "$(TARGET_NAME)";
				SWIFT_VERSION = 5.0;
				TARGETED_DEVICE_FAMILY = "1,2";
				TEST_HOST = "$(BUILT_PRODUCTS_DIR)/SPMModularEX.app/SPMModularEX";
			};
			name = Debug;
		};
		A32CAA0E26ABAD0A00430AE8 /* Release */ = {
			isa = XCBuildConfiguration;
			buildSettings = {
				ALWAYS_EMBED_SWIFT_STANDARD_LIBRARIES = YES;
				BUNDLE_LOADER = "$(TEST_HOST)";
				CODE_SIGN_STYLE = Automatic;
				DEVELOPMENT_TEAM = LD8QD5Z64P;
				INFOPLIST_FILE = SPMModularEXTests/Info.plist;
				IPHONEOS_DEPLOYMENT_TARGET = 14.5;
				LD_RUNPATH_SEARCH_PATHS = (
					"$(inherited)",
					"@executable_path/Frameworks",
					"@loader_path/Frameworks",
				);
				PRODUCT_BUNDLE_IDENTIFIER = TourByMe.SPMModularEXTests;
				PRODUCT_NAME = "$(TARGET_NAME)";
				SWIFT_VERSION = 5.0;
				TARGETED_DEVICE_FAMILY = "1,2";
				TEST_HOST = "$(BUILT_PRODUCTS_DIR)/SPMModularEX.app/SPMModularEX";
			};
			name = Release;
		};
		A32CAA1026ABAD0A00430AE8 /* Debug */ = {
			isa = XCBuildConfiguration;
			buildSettings = {
				ALWAYS_EMBED_SWIFT_STANDARD_LIBRARIES = YES;
				CODE_SIGN_STYLE = Automatic;
				DEVELOPMENT_TEAM = LD8QD5Z64P;
				INFOPLIST_FILE = SPMModularEXUITests/Info.plist;
				LD_RUNPATH_SEARCH_PATHS = (
					"$(inherited)",
					"@executable_path/Frameworks",
					"@loader_path/Frameworks",
				);
				PRODUCT_BUNDLE_IDENTIFIER = TourByMe.SPMModularEXUITests;
				PRODUCT_NAME = "$(TARGET_NAME)";
				SWIFT_VERSION = 5.0;
				TARGETED_DEVICE_FAMILY = "1,2";
				TEST_TARGET_NAME = SPMModularEX;
			};
			name = Debug;
		};
		A32CAA1126ABAD0A00430AE8 /* Release */ = {
			isa = XCBuildConfiguration;
			buildSettings = {
				ALWAYS_EMBED_SWIFT_STANDARD_LIBRARIES = YES;
				CODE_SIGN_STYLE = Automatic;
				DEVELOPMENT_TEAM = LD8QD5Z64P;
				INFOPLIST_FILE = SPMModularEXUITests/Info.plist;
				LD_RUNPATH_SEARCH_PATHS = (
					"$(inherited)",
					"@executable_path/Frameworks",
					"@loader_path/Frameworks",
				);
				PRODUCT_BUNDLE_IDENTIFIER = TourByMe.SPMModularEXUITests;
				PRODUCT_NAME = "$(TARGET_NAME)";
				SWIFT_VERSION = 5.0;
				TARGETED_DEVICE_FAMILY = "1,2";
				TEST_TARGET_NAME = SPMModularEX;
			};
			name = Release;
		};
/* End XCBuildConfiguration section */

/* Begin XCConfigurationList section */
		A32CA9DA26ABAD0800430AE8 /* Build configuration list for PBXProject "SPMModularEX" */ = {
			isa = XCConfigurationList;
			buildConfigurations = (
				A32CAA0726ABAD0A00430AE8 /* Debug */,
				A32CAA0826ABAD0A00430AE8 /* Release */,
			);
			defaultConfigurationIsVisible = 0;
			defaultConfigurationName = Release;
		};
		A32CAA0926ABAD0A00430AE8 /* Build configuration list for PBXNativeTarget "SPMModularEX" */ = {
			isa = XCConfigurationList;
			buildConfigurations = (
				A32CAA0A26ABAD0A00430AE8 /* Debug */,
				A32CAA0B26ABAD0A00430AE8 /* Release */,
			);
			defaultConfigurationIsVisible = 0;
			defaultConfigurationName = Release;
		};
		A32CAA0C26ABAD0A00430AE8 /* Build configuration list for PBXNativeTarget "SPMModularEXTests" */ = {
			isa = XCConfigurationList;
			buildConfigurations = (
				A32CAA0D26ABAD0A00430AE8 /* Debug */,
				A32CAA0E26ABAD0A00430AE8 /* Release */,
			);
			defaultConfigurationIsVisible = 0;
			defaultConfigurationName = Release;
		};
		A32CAA0F26ABAD0A00430AE8 /* Build configuration list for PBXNativeTarget "SPMModularEXUITests" */ = {
			isa = XCConfigurationList;
			buildConfigurations = (
				A32CAA1026ABAD0A00430AE8 /* Debug */,
				A32CAA1126ABAD0A00430AE8 /* Release */,
			);
			defaultConfigurationIsVisible = 0;
			defaultConfigurationName = Release;
		};
/* End XCConfigurationList section */

/* Begin XCSwiftPackageProductDependency section */
		A32CAA1326ABB7EC00430AE8 /* AppCores */ = {
			isa = XCSwiftPackageProductDependency;
			productName = AppCores;
		};
/* End XCSwiftPackageProductDependency section */
	};
	rootObject = A32CA9D726ABAD0800430AE8 /* Project object */;
}
